// !$*UTF8*$!
{
	archiveVersion = 1;
	classes = {
	};
	objectVersion = 56;
	objects = {

/* Begin PBXBuildFile section */
		044DAB912BB128D4007A925E /* SleepImprovementSuggestion.swift in Sources */ = {isa = PBXBuildFile; fileRef = 044DAB902BB128D4007A925E /* SleepImprovementSuggestion.swift */; };
		044DAB932BB14E3B007A925E /* SleepHomePage.swift in Sources */ = {isa = PBXBuildFile; fileRef = 044DAB922BB14E3B007A925E /* SleepHomePage.swift */; };
		044DAB952BB19FEF007A925E /* StartSleepPage.swift in Sources */ = {isa = PBXBuildFile; fileRef = 044DAB942BB19FEF007A925E /* StartSleepPage.swift */; };
		27920D202BA004BE00357D31 /* AppDelegate.swift in Sources */ = {isa = PBXBuildFile; fileRef = 27920D1F2BA004BE00357D31 /* AppDelegate.swift */; };
		27920D222BA004BE00357D31 /* SceneDelegate.swift in Sources */ = {isa = PBXBuildFile; fileRef = 27920D212BA004BE00357D31 /* SceneDelegate.swift */; };
		27920D242BA004BE00357D31 /* ViewController.swift in Sources */ = {isa = PBXBuildFile; fileRef = 27920D232BA004BE00357D31 /* ViewController.swift */; };
		27920D272BA004BE00357D31 /* Main.storyboard in Resources */ = {isa = PBXBuildFile; fileRef = 27920D252BA004BE00357D31 /* Main.storyboard */; };
		27920D292BA004BF00357D31 /* Assets.xcassets in Resources */ = {isa = PBXBuildFile; fileRef = 27920D282BA004BF00357D31 /* Assets.xcassets */; };
		27920D2C2BA004BF00357D31 /* LaunchScreen.storyboard in Resources */ = {isa = PBXBuildFile; fileRef = 27920D2A2BA004BF00357D31 /* LaunchScreen.storyboard */; };
		6A4C8B592BA5C5B200549481 /* HomePage.swift in Sources */ = {isa = PBXBuildFile; fileRef = 6A4C8B582BA5C5B200549481 /* HomePage.swift */; };
		6A4C8B5C2BA5C83B00549481 /* WhiteNoise.swift in Sources */ = {isa = PBXBuildFile; fileRef = 6A4C8B5B2BA5C83B00549481 /* WhiteNoise.swift */; };
		6A4C8B5F2BA5C8CB00549481 /* MulticastDelegate.swift in Sources */ = {isa = PBXBuildFile; fileRef = 6A4C8B5E2BA5C8CB00549481 /* MulticastDelegate.swift */; };
		CC8D37482BA7F7C300B7CF62 /* GoogleService-Info.plist in Resources */ = {isa = PBXBuildFile; fileRef = CC8D37472BA7F7C300B7CF62 /* GoogleService-Info.plist */; };
		CC8D374B2BA7FB4F00B7CF62 /* FirebaseAuth in Frameworks */ = {isa = PBXBuildFile; productRef = CC8D374A2BA7FB4F00B7CF62 /* FirebaseAuth */; };
		CC8D374D2BA7FB4F00B7CF62 /* FirebaseFirestore in Frameworks */ = {isa = PBXBuildFile; productRef = CC8D374C2BA7FB4F00B7CF62 /* FirebaseFirestore */; };
		CC8D374F2BA7FB4F00B7CF62 /* FirebaseFirestoreSwift in Frameworks */ = {isa = PBXBuildFile; productRef = CC8D374E2BA7FB4F00B7CF62 /* FirebaseFirestoreSwift */; };
		CC8D37512BA7FB4F00B7CF62 /* FirebaseStorage in Frameworks */ = {isa = PBXBuildFile; productRef = CC8D37502BA7FB4F00B7CF62 /* FirebaseStorage */; };
/* End PBXBuildFile section */

/* Begin PBXFileReference section */
		044DAB902BB128D4007A925E /* SleepImprovementSuggestion.swift */ = {isa = PBXFileReference; lastKnownFileType = sourcecode.swift; path = SleepImprovementSuggestion.swift; sourceTree = "<group>"; };
		044DAB922BB14E3B007A925E /* SleepHomePage.swift */ = {isa = PBXFileReference; lastKnownFileType = sourcecode.swift; path = SleepHomePage.swift; sourceTree = "<group>"; };
		044DAB942BB19FEF007A925E /* StartSleepPage.swift */ = {isa = PBXFileReference; lastKnownFileType = sourcecode.swift; path = StartSleepPage.swift; sourceTree = "<group>"; };
		27920D1C2BA004BE00357D31 /* Insomnia-Solution-App-FIT3162.app */ = {isa = PBXFileReference; explicitFileType = wrapper.application; includeInIndex = 0; path = "Insomnia-Solution-App-FIT3162.app"; sourceTree = BUILT_PRODUCTS_DIR; };
		27920D1F2BA004BE00357D31 /* AppDelegate.swift */ = {isa = PBXFileReference; lastKnownFileType = sourcecode.swift; path = AppDelegate.swift; sourceTree = "<group>"; };
		27920D212BA004BE00357D31 /* SceneDelegate.swift */ = {isa = PBXFileReference; lastKnownFileType = sourcecode.swift; path = SceneDelegate.swift; sourceTree = "<group>"; };
		27920D232BA004BE00357D31 /* ViewController.swift */ = {isa = PBXFileReference; lastKnownFileType = sourcecode.swift; path = ViewController.swift; sourceTree = "<group>"; };
		27920D262BA004BE00357D31 /* Base */ = {isa = PBXFileReference; lastKnownFileType = file.storyboard; name = Base; path = Base.lproj/Main.storyboard; sourceTree = "<group>"; };
		27920D282BA004BF00357D31 /* Assets.xcassets */ = {isa = PBXFileReference; lastKnownFileType = folder.assetcatalog; path = Assets.xcassets; sourceTree = "<group>"; };
		27920D2B2BA004BF00357D31 /* Base */ = {isa = PBXFileReference; lastKnownFileType = file.storyboard; name = Base; path = Base.lproj/LaunchScreen.storyboard; sourceTree = "<group>"; };
		27920D2D2BA004BF00357D31 /* Info.plist */ = {isa = PBXFileReference; lastKnownFileType = text.plist.xml; path = Info.plist; sourceTree = "<group>"; };
		6A4C8B582BA5C5B200549481 /* HomePage.swift */ = {isa = PBXFileReference; lastKnownFileType = sourcecode.swift; path = HomePage.swift; sourceTree = "<group>"; };
		6A4C8B5B2BA5C83B00549481 /* WhiteNoise.swift */ = {isa = PBXFileReference; lastKnownFileType = sourcecode.swift; path = WhiteNoise.swift; sourceTree = "<group>"; };
		6A4C8B5E2BA5C8CB00549481 /* MulticastDelegate.swift */ = {isa = PBXFileReference; lastKnownFileType = sourcecode.swift; path = MulticastDelegate.swift; sourceTree = "<group>"; };
		CC8D37472BA7F7C300B7CF62 /* GoogleService-Info.plist */ = {isa = PBXFileReference; fileEncoding = 4; lastKnownFileType = text.plist.xml; path = "GoogleService-Info.plist"; sourceTree = "<group>"; };
/* End PBXFileReference section */

/* Begin PBXFrameworksBuildPhase section */
		27920D192BA004BE00357D31 /* Frameworks */ = {
			isa = PBXFrameworksBuildPhase;
			buildActionMask = 2147483647;
			files = (
				CC8D374B2BA7FB4F00B7CF62 /* FirebaseAuth in Frameworks */,
				CC8D37512BA7FB4F00B7CF62 /* FirebaseStorage in Frameworks */,
				CC8D374D2BA7FB4F00B7CF62 /* FirebaseFirestore in Frameworks */,
				CC8D374F2BA7FB4F00B7CF62 /* FirebaseFirestoreSwift in Frameworks */,
			);
			runOnlyForDeploymentPostprocessing = 0;
		};
/* End PBXFrameworksBuildPhase section */

/* Begin PBXGroup section */
		044DAB8F2BB11EB9007A925E /* Code */ = {
			isa = PBXGroup;
			children = (
				044DAB902BB128D4007A925E /* SleepImprovementSuggestion.swift */,
				044DAB922BB14E3B007A925E /* SleepHomePage.swift */,
				044DAB942BB19FEF007A925E /* StartSleepPage.swift */,
			);
			path = Code;
			sourceTree = "<group>";
		};
		27920D132BA004BE00357D31 = {
			isa = PBXGroup;
			children = (
				27920D1E2BA004BE00357D31 /* Insomnia-Solution-App-FIT3162 */,
				27920D1D2BA004BE00357D31 /* Products */,
			);
			sourceTree = "<group>";
		};
		27920D1D2BA004BE00357D31 /* Products */ = {
			isa = PBXGroup;
			children = (
				27920D1C2BA004BE00357D31 /* Insomnia-Solution-App-FIT3162.app */,
			);
			name = Products;
			sourceTree = "<group>";
		};
		27920D1E2BA004BE00357D31 /* Insomnia-Solution-App-FIT3162 */ = {
			isa = PBXGroup;
			children = (
				044DAB8F2BB11EB9007A925E /* Code */,
				CC8D37472BA7F7C300B7CF62 /* GoogleService-Info.plist */,
				6A4C8B5D2BA5C8B900549481 /* Database */,
				6A4C8B5A2BA5C80B00549481 /* Model */,
				27920D1F2BA004BE00357D31 /* AppDelegate.swift */,
				27920D212BA004BE00357D31 /* SceneDelegate.swift */,
				27920D232BA004BE00357D31 /* ViewController.swift */,
				6A4C8B582BA5C5B200549481 /* HomePage.swift */,
				27920D252BA004BE00357D31 /* Main.storyboard */,
				27920D282BA004BF00357D31 /* Assets.xcassets */,
				27920D2A2BA004BF00357D31 /* LaunchScreen.storyboard */,
				27920D2D2BA004BF00357D31 /* Info.plist */,
			);
			path = "Insomnia-Solution-App-FIT3162";
			sourceTree = "<group>";
		};
		6A4C8B5A2BA5C80B00549481 /* Model */ = {
			isa = PBXGroup;
			children = (
				6A4C8B5B2BA5C83B00549481 /* WhiteNoise.swift */,
			);
			path = Model;
			sourceTree = "<group>";
		};
		6A4C8B5D2BA5C8B900549481 /* Database */ = {
			isa = PBXGroup;
			children = (
				6A4C8B5E2BA5C8CB00549481 /* MulticastDelegate.swift */,
			);
			path = Database;
			sourceTree = "<group>";
		};
/* End PBXGroup section */

/* Begin PBXNativeTarget section */
		27920D1B2BA004BE00357D31 /* Insomnia-Solution-App-FIT3162 */ = {
			isa = PBXNativeTarget;
			buildConfigurationList = 27920D302BA004BF00357D31 /* Build configuration list for PBXNativeTarget "Insomnia-Solution-App-FIT3162" */;
			buildPhases = (
				27920D182BA004BE00357D31 /* Sources */,
				27920D192BA004BE00357D31 /* Frameworks */,
				27920D1A2BA004BE00357D31 /* Resources */,
			);
			buildRules = (
			);
			dependencies = (
			);
			name = "Insomnia-Solution-App-FIT3162";
			packageProductDependencies = (
				CC8D374A2BA7FB4F00B7CF62 /* FirebaseAuth */,
				CC8D374C2BA7FB4F00B7CF62 /* FirebaseFirestore */,
				CC8D374E2BA7FB4F00B7CF62 /* FirebaseFirestoreSwift */,
				CC8D37502BA7FB4F00B7CF62 /* FirebaseStorage */,
			);
			productName = "Insomnia-Solution-App-FIT3162";
			productReference = 27920D1C2BA004BE00357D31 /* Insomnia-Solution-App-FIT3162.app */;
			productType = "com.apple.product-type.application";
		};
/* End PBXNativeTarget section */

/* Begin PBXProject section */
		27920D142BA004BE00357D31 /* Project object */ = {
			isa = PBXProject;
			attributes = {
				BuildIndependentTargetsInParallel = 1;
				LastSwiftUpdateCheck = 1420;
				LastUpgradeCheck = 1420;
				TargetAttributes = {
					27920D1B2BA004BE00357D31 = {
						CreatedOnToolsVersion = 14.2;
					};
				};
			};
			buildConfigurationList = 27920D172BA004BE00357D31 /* Build configuration list for PBXProject "Insomnia-Solution-App-FIT3162" */;
			compatibilityVersion = "Xcode 14.0";
			developmentRegion = en;
			hasScannedForEncodings = 0;
			knownRegions = (
				en,
				Base,
			);
			mainGroup = 27920D132BA004BE00357D31;
			packageReferences = (
				CC8D37492BA7FB4F00B7CF62 /* XCRemoteSwiftPackageReference "firebase-ios-sdk" */,
			);
			productRefGroup = 27920D1D2BA004BE00357D31 /* Products */;
			projectDirPath = "";
			projectRoot = "";
			targets = (
				27920D1B2BA004BE00357D31 /* Insomnia-Solution-App-FIT3162 */,
			);
		};
/* End PBXProject section */

/* Begin PBXResourcesBuildPhase section */
		27920D1A2BA004BE00357D31 /* Resources */ = {
			isa = PBXResourcesBuildPhase;
			buildActionMask = 2147483647;
			files = (
				27920D2C2BA004BF00357D31 /* LaunchScreen.storyboard in Resources */,
				CC8D37482BA7F7C300B7CF62 /* GoogleService-Info.plist in Resources */,
				27920D292BA004BF00357D31 /* Assets.xcassets in Resources */,
				27920D272BA004BE00357D31 /* Main.storyboard in Resources */,
			);
			runOnlyForDeploymentPostprocessing = 0;
		};
/* End PBXResourcesBuildPhase section */

/* Begin PBXSourcesBuildPhase section */
		27920D182BA004BE00357D31 /* Sources */ = {
			isa = PBXSourcesBuildPhase;
			buildActionMask = 2147483647;
			files = (
				6A4C8B5C2BA5C83B00549481 /* WhiteNoise.swift in Sources */,
				044DAB912BB128D4007A925E /* SleepImprovementSuggestion.swift in Sources */,
				044DAB952BB19FEF007A925E /* StartSleepPage.swift in Sources */,
				27920D242BA004BE00357D31 /* ViewController.swift in Sources */,
				27920D202BA004BE00357D31 /* AppDelegate.swift in Sources */,
				27920D222BA004BE00357D31 /* SceneDelegate.swift in Sources */,
				044DAB932BB14E3B007A925E /* SleepHomePage.swift in Sources */,
				6A4C8B592BA5C5B200549481 /* HomePage.swift in Sources */,
				6A4C8B5F2BA5C8CB00549481 /* MulticastDelegate.swift in Sources */,
			);
			runOnlyForDeploymentPostprocessing = 0;
		};
/* End PBXSourcesBuildPhase section */

/* Begin PBXVariantGroup section */
		27920D252BA004BE00357D31 /* Main.storyboard */ = {
			isa = PBXVariantGroup;
			children = (
				27920D262BA004BE00357D31 /* Base */,
			);
			name = Main.storyboard;
			sourceTree = "<group>";
		};
		27920D2A2BA004BF00357D31 /* LaunchScreen.storyboard */ = {
			isa = PBXVariantGroup;
			children = (
				27920D2B2BA004BF00357D31 /* Base */,
			);
			name = LaunchScreen.storyboard;
			sourceTree = "<group>";
		};
/* End PBXVariantGroup section */

/* Begin XCBuildConfiguration section */
		27920D2E2BA004BF00357D31 /* Debug */ = {
			isa = XCBuildConfiguration;
			buildSettings = {
				ALWAYS_SEARCH_USER_PATHS = NO;
				CLANG_ANALYZER_NONNULL = YES;
				CLANG_ANALYZER_NUMBER_OBJECT_CONVERSION = YES_AGGRESSIVE;
				CLANG_CXX_LANGUAGE_STANDARD = "gnu++20";
				CLANG_ENABLE_MODULES = YES;
				CLANG_ENABLE_OBJC_ARC = YES;
				CLANG_ENABLE_OBJC_WEAK = YES;
				CLANG_WARN_BLOCK_CAPTURE_AUTORELEASING = YES;
				CLANG_WARN_BOOL_CONVERSION = YES;
				CLANG_WARN_COMMA = YES;
				CLANG_WARN_CONSTANT_CONVERSION = YES;
				CLANG_WARN_DEPRECATED_OBJC_IMPLEMENTATIONS = YES;
				CLANG_WARN_DIRECT_OBJC_ISA_USAGE = YES_ERROR;
				CLANG_WARN_DOCUMENTATION_COMMENTS = YES;
				CLANG_WARN_EMPTY_BODY = YES;
				CLANG_WARN_ENUM_CONVERSION = YES;
				CLANG_WARN_INFINITE_RECURSION = YES;
				CLANG_WARN_INT_CONVERSION = YES;
				CLANG_WARN_NON_LITERAL_NULL_CONVERSION = YES;
				CLANG_WARN_OBJC_IMPLICIT_RETAIN_SELF = YES;
				CLANG_WARN_OBJC_LITERAL_CONVERSION = YES;
				CLANG_WARN_OBJC_ROOT_CLASS = YES_ERROR;
				CLANG_WARN_QUOTED_INCLUDE_IN_FRAMEWORK_HEADER = YES;
				CLANG_WARN_RANGE_LOOP_ANALYSIS = YES;
				CLANG_WARN_STRICT_PROTOTYPES = YES;
				CLANG_WARN_SUSPICIOUS_MOVE = YES;
				CLANG_WARN_UNGUARDED_AVAILABILITY = YES_AGGRESSIVE;
				CLANG_WARN_UNREACHABLE_CODE = YES;
				CLANG_WARN__DUPLICATE_METHOD_MATCH = YES;
				COPY_PHASE_STRIP = NO;
				DEBUG_INFORMATION_FORMAT = dwarf;
				ENABLE_STRICT_OBJC_MSGSEND = YES;
				ENABLE_TESTABILITY = YES;
				GCC_C_LANGUAGE_STANDARD = gnu11;
				GCC_DYNAMIC_NO_PIC = NO;
				GCC_NO_COMMON_BLOCKS = YES;
				GCC_OPTIMIZATION_LEVEL = 0;
				GCC_PREPROCESSOR_DEFINITIONS = (
					"DEBUG=1",
					"$(inherited)",
				);
				GCC_WARN_64_TO_32_BIT_CONVERSION = YES;
				GCC_WARN_ABOUT_RETURN_TYPE = YES_ERROR;
				GCC_WARN_UNDECLARED_SELECTOR = YES;
				GCC_WARN_UNINITIALIZED_AUTOS = YES_AGGRESSIVE;
				GCC_WARN_UNUSED_FUNCTION = YES;
				GCC_WARN_UNUSED_VARIABLE = YES;
				IPHONEOS_DEPLOYMENT_TARGET = 16.2;
				MTL_ENABLE_DEBUG_INFO = INCLUDE_SOURCE;
				MTL_FAST_MATH = YES;
				ONLY_ACTIVE_ARCH = YES;
				SDKROOT = iphoneos;
				SWIFT_ACTIVE_COMPILATION_CONDITIONS = DEBUG;
				SWIFT_OPTIMIZATION_LEVEL = "-Onone";
			};
			name = Debug;
		};
		27920D2F2BA004BF00357D31 /* Release */ = {
			isa = XCBuildConfiguration;
			buildSettings = {
				ALWAYS_SEARCH_USER_PATHS = NO;
				CLANG_ANALYZER_NONNULL = YES;
				CLANG_ANALYZER_NUMBER_OBJECT_CONVERSION = YES_AGGRESSIVE;
				CLANG_CXX_LANGUAGE_STANDARD = "gnu++20";
				CLANG_ENABLE_MODULES = YES;
				CLANG_ENABLE_OBJC_ARC = YES;
				CLANG_ENABLE_OBJC_WEAK = YES;
				CLANG_WARN_BLOCK_CAPTURE_AUTORELEASING = YES;
				CLANG_WARN_BOOL_CONVERSION = YES;
				CLANG_WARN_COMMA = YES;
				CLANG_WARN_CONSTANT_CONVERSION = YES;
				CLANG_WARN_DEPRECATED_OBJC_IMPLEMENTATIONS = YES;
				CLANG_WARN_DIRECT_OBJC_ISA_USAGE = YES_ERROR;
				CLANG_WARN_DOCUMENTATION_COMMENTS = YES;
				CLANG_WARN_EMPTY_BODY = YES;
				CLANG_WARN_ENUM_CONVERSION = YES;
				CLANG_WARN_INFINITE_RECURSION = YES;
				CLANG_WARN_INT_CONVERSION = YES;
				CLANG_WARN_NON_LITERAL_NULL_CONVERSION = YES;
				CLANG_WARN_OBJC_IMPLICIT_RETAIN_SELF = YES;
				CLANG_WARN_OBJC_LITERAL_CONVERSION = YES;
				CLANG_WARN_OBJC_ROOT_CLASS = YES_ERROR;
				CLANG_WARN_QUOTED_INCLUDE_IN_FRAMEWORK_HEADER = YES;
				CLANG_WARN_RANGE_LOOP_ANALYSIS = YES;
				CLANG_WARN_STRICT_PROTOTYPES = YES;
				CLANG_WARN_SUSPICIOUS_MOVE = YES;
				CLANG_WARN_UNGUARDED_AVAILABILITY = YES_AGGRESSIVE;
				CLANG_WARN_UNREACHABLE_CODE = YES;
				CLANG_WARN__DUPLICATE_METHOD_MATCH = YES;
				COPY_PHASE_STRIP = NO;
				DEBUG_INFORMATION_FORMAT = "dwarf-with-dsym";
				ENABLE_NS_ASSERTIONS = NO;
				ENABLE_STRICT_OBJC_MSGSEND = YES;
				GCC_C_LANGUAGE_STANDARD = gnu11;
				GCC_NO_COMMON_BLOCKS = YES;
				GCC_WARN_64_TO_32_BIT_CONVERSION = YES;
				GCC_WARN_ABOUT_RETURN_TYPE = YES_ERROR;
				GCC_WARN_UNDECLARED_SELECTOR = YES;
				GCC_WARN_UNINITIALIZED_AUTOS = YES_AGGRESSIVE;
				GCC_WARN_UNUSED_FUNCTION = YES;
				GCC_WARN_UNUSED_VARIABLE = YES;
				IPHONEOS_DEPLOYMENT_TARGET = 16.2;
				MTL_ENABLE_DEBUG_INFO = NO;
				MTL_FAST_MATH = YES;
				SDKROOT = iphoneos;
				SWIFT_COMPILATION_MODE = wholemodule;
				SWIFT_OPTIMIZATION_LEVEL = "-O";
				VALIDATE_PRODUCT = YES;
			};
			name = Release;
		};
		27920D312BA004BF00357D31 /* Debug */ = {
			isa = XCBuildConfiguration;
			buildSettings = {
				ASSETCATALOG_COMPILER_APPICON_NAME = AppIcon;
				ASSETCATALOG_COMPILER_GLOBAL_ACCENT_COLOR_NAME = AccentColor;
				CODE_SIGN_STYLE = Automatic;
				CURRENT_PROJECT_VERSION = 1;
				DEVELOPMENT_TEAM = 5LYSS5FAJ8;
				GENERATE_INFOPLIST_FILE = YES;
				INFOPLIST_FILE = "Insomnia-Solution-App-FIT3162/Info.plist";
				INFOPLIST_KEY_UIApplicationSupportsIndirectInputEvents = YES;
				INFOPLIST_KEY_UILaunchStoryboardName = LaunchScreen;
				INFOPLIST_KEY_UIMainStoryboardFile = Main;
				INFOPLIST_KEY_UISupportedInterfaceOrientations_iPad = "UIInterfaceOrientationPortrait UIInterfaceOrientationPortraitUpsideDown UIInterfaceOrientationLandscapeLeft UIInterfaceOrientationLandscapeRight";
				INFOPLIST_KEY_UISupportedInterfaceOrientations_iPhone = "UIInterfaceOrientationPortrait UIInterfaceOrientationLandscapeLeft UIInterfaceOrientationLandscapeRight";
				IPHONEOS_DEPLOYMENT_TARGET = 16.0;
				LD_RUNPATH_SEARCH_PATHS = (
					"$(inherited)",
					"@executable_path/Frameworks",
				);
				MARKETING_VERSION = 1.0;
				PRODUCT_BUNDLE_IDENTIFIER = "com.fit3162.cs12.Insomnia-Solution-App-FIT3162-3";
				PRODUCT_NAME = "$(TARGET_NAME)";
				SWIFT_EMIT_LOC_STRINGS = YES;
				SWIFT_VERSION = 5.0;
				TARGETED_DEVICE_FAMILY = "1,2";
			};
			name = Debug;
		};
		27920D322BA004BF00357D31 /* Release */ = {
			isa = XCBuildConfiguration;
			buildSettings = {
				ASSETCATALOG_COMPILER_APPICON_NAME = AppIcon;
				ASSETCATALOG_COMPILER_GLOBAL_ACCENT_COLOR_NAME = AccentColor;
				CODE_SIGN_STYLE = Automatic;
				CURRENT_PROJECT_VERSION = 1;
				DEVELOPMENT_TEAM = 5LYSS5FAJ8;
				GENERATE_INFOPLIST_FILE = YES;
				INFOPLIST_FILE = "Insomnia-Solution-App-FIT3162/Info.plist";
				INFOPLIST_KEY_UIApplicationSupportsIndirectInputEvents = YES;
				INFOPLIST_KEY_UILaunchStoryboardName = LaunchScreen;
				INFOPLIST_KEY_UIMainStoryboardFile = Main;
				INFOPLIST_KEY_UISupportedInterfaceOrientations_iPad = "UIInterfaceOrientationPortrait UIInterfaceOrientationPortraitUpsideDown UIInterfaceOrientationLandscapeLeft UIInterfaceOrientationLandscapeRight";
				INFOPLIST_KEY_UISupportedInterfaceOrientations_iPhone = "UIInterfaceOrientationPortrait UIInterfaceOrientationLandscapeLeft UIInterfaceOrientationLandscapeRight";
				IPHONEOS_DEPLOYMENT_TARGET = 16.0;
				LD_RUNPATH_SEARCH_PATHS = (
					"$(inherited)",
					"@executable_path/Frameworks",
				);
				MARKETING_VERSION = 1.0;
				PRODUCT_BUNDLE_IDENTIFIER = "com.fit3162.cs12.Insomnia-Solution-App-FIT3162-3";
				PRODUCT_NAME = "$(TARGET_NAME)";
				SWIFT_EMIT_LOC_STRINGS = YES;
				SWIFT_VERSION = 5.0;
				TARGETED_DEVICE_FAMILY = "1,2";
			};
			name = Release;
		};
/* End XCBuildConfiguration section */

/* Begin XCConfigurationList section */
		27920D172BA004BE00357D31 /* Build configuration list for PBXProject "Insomnia-Solution-App-FIT3162" */ = {
			isa = XCConfigurationList;
			buildConfigurations = (
				27920D2E2BA004BF00357D31 /* Debug */,
				27920D2F2BA004BF00357D31 /* Release */,
			);
			defaultConfigurationIsVisible = 0;
			defaultConfigurationName = Release;
		};
		27920D302BA004BF00357D31 /* Build configuration list for PBXNativeTarget "Insomnia-Solution-App-FIT3162" */ = {
			isa = XCConfigurationList;
			buildConfigurations = (
				27920D312BA004BF00357D31 /* Debug */,
				27920D322BA004BF00357D31 /* Release */,
			);
			defaultConfigurationIsVisible = 0;
			defaultConfigurationName = Release;
		};
/* End XCConfigurationList section */

/* Begin XCRemoteSwiftPackageReference section */
		CC8D37492BA7FB4F00B7CF62 /* XCRemoteSwiftPackageReference "firebase-ios-sdk" */ = {
			isa = XCRemoteSwiftPackageReference;
			repositoryURL = "https://github.com/firebase/firebase-ios-sdk";
			requirement = {
				kind = upToNextMajorVersion;
				minimumVersion = 10.22.1;
			};
		};
/* End XCRemoteSwiftPackageReference section */

/* Begin XCSwiftPackageProductDependency section */
		CC8D374A2BA7FB4F00B7CF62 /* FirebaseAuth */ = {
			isa = XCSwiftPackageProductDependency;
			package = CC8D37492BA7FB4F00B7CF62 /* XCRemoteSwiftPackageReference "firebase-ios-sdk" */;
			productName = FirebaseAuth;
		};
		CC8D374C2BA7FB4F00B7CF62 /* FirebaseFirestore */ = {
			isa = XCSwiftPackageProductDependency;
			package = CC8D37492BA7FB4F00B7CF62 /* XCRemoteSwiftPackageReference "firebase-ios-sdk" */;
			productName = FirebaseFirestore;
		};
		CC8D374E2BA7FB4F00B7CF62 /* FirebaseFirestoreSwift */ = {
			isa = XCSwiftPackageProductDependency;
			package = CC8D37492BA7FB4F00B7CF62 /* XCRemoteSwiftPackageReference "firebase-ios-sdk" */;
			productName = FirebaseFirestoreSwift;
		};
		CC8D37502BA7FB4F00B7CF62 /* FirebaseStorage */ = {
			isa = XCSwiftPackageProductDependency;
			package = CC8D37492BA7FB4F00B7CF62 /* XCRemoteSwiftPackageReference "firebase-ios-sdk" */;
			productName = FirebaseStorage;
		};
/* End XCSwiftPackageProductDependency section */
	};
	rootObject = 27920D142BA004BE00357D31 /* Project object */;
}
